
Microsoft Visual Studio Solution File, Format Version 12.00
# Visual Studio Version 17
VisualStudioVersion = 17.1.32328.378
MinimumVisualStudioVersion = 10.0.40219.1
Project("{FAE04EC0-301F-11D3-BF4B-00C04F79EFBC}") = "Implementation-IEquatable-IComparable-IComparer", "Implementation-IEquatable-IComparable-IComparer\Implementation-IEquatable-IComparable-IComparer.csproj", "{D8723A2F-52BB-44EF-B5C7-B48840F08556}"
EndProject
Global
	GlobalSection(SolutionConfigurationPlatforms) = preSolution
		Debug|Any CPU = Debug|Any CPU
		Release|Any CPU = Release|Any CPU
	EndGlobalSection
	GlobalSection(ProjectConfigurationPlatforms) = postSolution
		{D8723A2F-52BB-44EF-B5C7-B48840F08556}.Debug|Any CPU.ActiveCfg = Debug|Any CPU
		{D8723A2F-52BB-44EF-B5C7-B48840F08556}.Debug|Any CPU.Build.0 = Debug|Any CPU
		{D8723A2F-52BB-44EF-B5C7-B48840F08556}.Release|Any CPU.ActiveCfg = Release|Any CPU
		{D8723A2F-52BB-44EF-B5C7-B48840F08556}.Release|Any CPU.Build.0 = Release|Any CPU
	EndGlobalSection
	GlobalSection(SolutionProperties) = preSolution
		HideSolutionNode = FALSE
	EndGlobalSection
	GlobalSection(ExtensibilityGlobals) = postSolution
		SolutionGuid = {84909E22-4409-4B0F-BB9E-3CB40A7A04EE}
	EndGlobalSection
EndGlobal
